
Microsoft Visual Studio Solution File, Format Version 12.00
# Visual Studio Version 16
VisualStudioVersion = 16.0.30804.86
MinimumVisualStudioVersion = 10.0.40219.1
Project("{FAE04EC0-301F-11D3-BF4B-00C04F79EFBC}") = "Sloth.Entities", "Sloth.Entities\Sloth.Entities.csproj", "{06EAE146-4B04-4463-974D-524BF74A8660}"
EndProject
Project("{FAE04EC0-301F-11D3-BF4B-00C04F79EFBC}") = "Sloth.WebApp", "Sloth.WebApp\Sloth.WebApp.csproj", "{7827050A-6937-44D7-9B7E-18E12D0ECB94}"
EndProject
Global
	GlobalSection(SolutionConfigurationPlatforms) = preSolution
		Debug|Any CPU = Debug|Any CPU
		Release|Any CPU = Release|Any CPU
	EndGlobalSection
	GlobalSection(ProjectConfigurationPlatforms) = postSolution
		{06EAE146-4B04-4463-974D-524BF74A8660}.Debug|Any CPU.ActiveCfg = Debug|Any CPU
		{06EAE146-4B04-4463-974D-524BF74A8660}.Debug|Any CPU.Build.0 = Debug|Any CPU
		{06EAE146-4B04-4463-974D-524BF74A8660}.Release|Any CPU.ActiveCfg = Release|Any CPU
		{06EAE146-4B04-4463-974D-524BF74A8660}.Release|Any CPU.Build.0 = Release|Any CPU
		{7827050A-6937-44D7-9B7E-18E12D0ECB94}.Debug|Any CPU.ActiveCfg = Debug|Any CPU
		{7827050A-6937-44D7-9B7E-18E12D0ECB94}.Debug|Any CPU.Build.0 = Debug|Any CPU
		{7827050A-6937-44D7-9B7E-18E12D0ECB94}.Release|Any CPU.ActiveCfg = Release|Any CPU
		{7827050A-6937-44D7-9B7E-18E12D0ECB94}.Release|Any CPU.Build.0 = Release|Any CPU
	EndGlobalSection
	GlobalSection(SolutionProperties) = preSolution
		HideSolutionNode = FALSE
	EndGlobalSection
	GlobalSection(ExtensibilityGlobals) = postSolution
		SolutionGuid = {3CECB168-105E-4ACA-BAB6-EEB17972C7D6}
	EndGlobalSection
EndGlobal
